
Microsoft Visual Studio Solution File, Format Version 12.00
# Visual Studio Version 17
VisualStudioVersion = 17.2.32630.192
MinimumVisualStudioVersion = 10.0.40219.1
Project("{FAE04EC0-301F-11D3-BF4B-00C04F79EFBC}") = "MinhaAppVS", "MinhaAppVS\MinhaAppVS.csproj", "{E6178C00-C82B-43DD-B7CC-99AD615A7755}"
EndProject
Global
	GlobalSection(SolutionConfigurationPlatforms) = preSolution
		Debug|Any CPU = Debug|Any CPU
		Release|Any CPU = Release|Any CPU
	EndGlobalSection
	GlobalSection(ProjectConfigurationPlatforms) = postSolution
		{E6178C00-C82B-43DD-B7CC-99AD615A7755}.Debug|Any CPU.ActiveCfg = Debug|Any CPU
		{E6178C00-C82B-43DD-B7CC-99AD615A7755}.Debug|Any CPU.Build.0 = Debug|Any CPU
		{E6178C00-C82B-43DD-B7CC-99AD615A7755}.Release|Any CPU.ActiveCfg = Release|Any CPU
		{E6178C00-C82B-43DD-B7CC-99AD615A7755}.Release|Any CPU.Build.0 = Release|Any CPU
	EndGlobalSection
	GlobalSection(SolutionProperties) = preSolution
		HideSolutionNode = FALSE
	EndGlobalSection
	GlobalSection(ExtensibilityGlobals) = postSolution
		SolutionGuid = {172C6545-7EB6-4DF4-A658-93A1CF361EE6}
	EndGlobalSection
EndGlobal
